
Microsoft Visual Studio Solution File, Format Version 12.00
# Visual Studio Version 17
VisualStudioVersion = 17.3.32811.315
MinimumVisualStudioVersion = 10.0.40219.1
Project("{8BC9CEB8-8B4A-11D0-8D11-00A0C91BC942}") = "PuyoPuyo0.1", "PuyoPuyo0.1\PuyoPuyo0.1.vcxproj", "{E3FD3FD8-D555-4697-A446-5FFD378B9A44}"
EndProject
Global
	GlobalSection(SolutionConfigurationPlatforms) = preSolution
		Debug|x64 = Debug|x64
		Release|x64 = Release|x64
	EndGlobalSection
	GlobalSection(ProjectConfigurationPlatforms) = postSolution
		{E3FD3FD8-D555-4697-A446-5FFD378B9A44}.Debug|x64.ActiveCfg = Debug|x64
		{E3FD3FD8-D555-4697-A446-5FFD378B9A44}.Debug|x64.Build.0 = Debug|x64
		{E3FD3FD8-D555-4697-A446-5FFD378B9A44}.Release|x64.ActiveCfg = Release|x64
		{E3FD3FD8-D555-4697-A446-5FFD378B9A44}.Release|x64.Build.0 = Release|x64
	EndGlobalSection
	GlobalSection(SolutionProperties) = preSolution
		HideSolutionNode = FALSE
	EndGlobalSection
	GlobalSection(ExtensibilityGlobals) = postSolution
		SolutionGuid = {F044F1EF-F380-47F3-8A6F-36B8C2C4CB78}
	EndGlobalSection
EndGlobal
